// !$*UTF8*$!
{
	archiveVersion = 1;
	classes = {
	};
	objectVersion = 48;
	objects = {

/* Begin PBXBuildFile section */
		42495B5C2021AA0600102967 /* AppDelegate.m in Sources */ = {isa = PBXBuildFile; fileRef = 42495B5B2021AA0600102967 /* AppDelegate.m */; };
		42495B642021AA0600102967 /* Assets.xcassets in Resources */ = {isa = PBXBuildFile; fileRef = 42495B632021AA0600102967 /* Assets.xcassets */; };
		42495B672021AA0600102967 /* LaunchScreen.storyboard in Resources */ = {isa = PBXBuildFile; fileRef = 42495B652021AA0600102967 /* LaunchScreen.storyboard */; };
		42495B6A2021AA0600102967 /* main.m in Sources */ = {isa = PBXBuildFile; fileRef = 42495B692021AA0600102967 /* main.m */; };
		42495B742021AA0600102967 /* AMapTests.m in Sources */ = {isa = PBXBuildFile; fileRef = 42495B732021AA0600102967 /* AMapTests.m */; };
		42495B7F2021AA0600102967 /* AMapUITests.m in Sources */ = {isa = PBXBuildFile; fileRef = 42495B7E2021AA0600102967 /* AMapUITests.m */; };
		42495B932021AA7C00102967 /* MapViewController.m in Sources */ = {isa = PBXBuildFile; fileRef = 42495B922021AA7C00102967 /* MapViewController.m */; };
		42495B962021AA8E00102967 /* NaviViewController.m in Sources */ = {isa = PBXBuildFile; fileRef = 42495B952021AA8E00102967 /* NaviViewController.m */; };
		42495B992021AA9B00102967 /* LocationViewController.m in Sources */ = {isa = PBXBuildFile; fileRef = 42495B982021AA9B00102967 /* LocationViewController.m */; };
		42495B9C2021AAAE00102967 /* ASingleLocationViewController.m in Sources */ = {isa = PBXBuildFile; fileRef = 42495B9B2021AAAE00102967 /* ASingleLocationViewController.m */; };
		42495B9F2021AABC00102967 /* BackgroundLocationViewController.m in Sources */ = {isa = PBXBuildFile; fileRef = 42495B9E2021AABC00102967 /* BackgroundLocationViewController.m */; };
		42495BA22021AAC700102967 /* ContinuousLocationViewController.m in Sources */ = {isa = PBXBuildFile; fileRef = 42495BA12021AAC700102967 /* ContinuousLocationViewController.m */; };
		ECA0869FD5857C07E2516CC5 /* libPods-AMap.a in Frameworks */ = {isa = PBXBuildFile; fileRef = 354BF8508F20FB77B7ED8CA2 /* libPods-AMap.a */; };
/* End PBXBuildFile section */

/* Begin PBXContainerItemProxy section */
		42495B702021AA0600102967 /* PBXContainerItemProxy */ = {
			isa = PBXContainerItemProxy;
			containerPortal = 42495B4F2021AA0600102967 /* Project object */;
			proxyType = 1;
			remoteGlobalIDString = 42495B562021AA0600102967;
			remoteInfo = AMap;
		};
		42495B7B2021AA0600102967 /* PBXContainerItemProxy */ = {
			isa = PBXContainerItemProxy;
			containerPortal = 42495B4F2021AA0600102967 /* Project object */;
			proxyType = 1;
			remoteGlobalIDString = 42495B562021AA0600102967;
			remoteInfo = AMap;
		};
/* End PBXContainerItemProxy section */

/* Begin PBXFileReference section */
		354BF8508F20FB77B7ED8CA2 /* libPods-AMap.a */ = {isa = PBXFileReference; explicitFileType = archive.ar; includeInIndex = 0; path = "libPods-AMap.a"; sourceTree = BUILT_PRODUCTS_DIR; };
		42495B572021AA0600102967 /* AMap.app */ = {isa = PBXFileReference; explicitFileType = wrapper.application; includeInIndex = 0; path = AMap.app; sourceTree = BUILT_PRODUCTS_DIR; };
		42495B5A2021AA0600102967 /* AppDelegate.h */ = {isa = PBXFileReference; lastKnownFileType = sourcecode.c.h; path = AppDelegate.h; sourceTree = "<group>"; };
		42495B5B2021AA0600102967 /* AppDelegate.m */ = {isa = PBXFileReference; lastKnownFileType = sourcecode.c.objc; path = AppDelegate.m; sourceTree = "<group>"; };
		42495B632021AA0600102967 /* Assets.xcassets */ = {isa = PBXFileReference; lastKnownFileType = folder.assetcatalog; path = Assets.xcassets; sourceTree = "<group>"; };
		42495B662021AA0600102967 /* Base */ = {isa = PBXFileReference; lastKnownFileType = file.storyboard; name = Base; path = Base.lproj/LaunchScreen.storyboard; sourceTree = "<group>"; };
		42495B682021AA0600102967 /* Info.plist */ = {isa = PBXFileReference; lastKnownFileType = text.plist.xml; path = Info.plist; sourceTree = "<group>"; };
		42495B692021AA0600102967 /* main.m */ = {isa = PBXFileReference; lastKnownFileType = sourcecode.c.objc; path = main.m; sourceTree = "<group>"; };
		42495B6F2021AA0600102967 /* AMapTests.xctest */ = {isa = PBXFileReference; explicitFileType = wrapper.cfbundle; includeInIndex = 0; path = AMapTests.xctest; sourceTree = BUILT_PRODUCTS_DIR; };
		42495B732021AA0600102967 /* AMapTests.m */ = {isa = PBXFileReference; lastKnownFileType = sourcecode.c.objc; path = AMapTests.m; sourceTree = "<group>"; };
		42495B752021AA0600102967 /* Info.plist */ = {isa = PBXFileReference; lastKnownFileType = text.plist.xml; path = Info.plist; sourceTree = "<group>"; };
		42495B7A2021AA0600102967 /* AMapUITests.xctest */ = {isa = PBXFileReference; explicitFileType = wrapper.cfbundle; includeInIndex = 0; path = AMapUITests.xctest; sourceTree = BUILT_PRODUCTS_DIR; };
		42495B7E2021AA0600102967 /* AMapUITests.m */ = {isa = PBXFileReference; lastKnownFileType = sourcecode.c.objc; path = AMapUITests.m; sourceTree = "<group>"; };
		42495B802021AA0600102967 /* Info.plist */ = {isa = PBXFileReference; lastKnownFileType = text.plist.xml; path = Info.plist; sourceTree = "<group>"; };
		42495B8D2021AA4100102967 /* PrefixHeader.pch */ = {isa = PBXFileReference; lastKnownFileType = sourcecode.c.h; path = PrefixHeader.pch; sourceTree = "<group>"; };
		42495B912021AA7C00102967 /* MapViewController.h */ = {isa = PBXFileReference; lastKnownFileType = sourcecode.c.h; path = MapViewController.h; sourceTree = "<group>"; };
		42495B922021AA7C00102967 /* MapViewController.m */ = {isa = PBXFileReference; lastKnownFileType = sourcecode.c.objc; path = MapViewController.m; sourceTree = "<group>"; };
		42495B942021AA8E00102967 /* NaviViewController.h */ = {isa = PBXFileReference; lastKnownFileType = sourcecode.c.h; path = NaviViewController.h; sourceTree = "<group>"; };
		42495B952021AA8E00102967 /* NaviViewController.m */ = {isa = PBXFileReference; lastKnownFileType = sourcecode.c.objc; path = NaviViewController.m; sourceTree = "<group>"; };
		42495B972021AA9B00102967 /* LocationViewController.h */ = {isa = PBXFileReference; lastKnownFileType = sourcecode.c.h; path = LocationViewController.h; sourceTree = "<group>"; };
		42495B982021AA9B00102967 /* LocationViewController.m */ = {isa = PBXFileReference; lastKnownFileType = sourcecode.c.objc; path = LocationViewController.m; sourceTree = "<group>"; };
		42495B9A2021AAAE00102967 /* ASingleLocationViewController.h */ = {isa = PBXFileReference; lastKnownFileType = sourcecode.c.h; path = ASingleLocationViewController.h; sourceTree = "<group>"; };
		42495B9B2021AAAE00102967 /* ASingleLocationViewController.m */ = {isa = PBXFileReference; lastKnownFileType = sourcecode.c.objc; path = ASingleLocationViewController.m; sourceTree = "<group>"; };
		42495B9D2021AABC00102967 /* BackgroundLocationViewController.h */ = {isa = PBXFileReference; lastKnownFileType = sourcecode.c.h; path = BackgroundLocationViewController.h; sourceTree = "<group>"; };
		42495B9E2021AABC00102967 /* BackgroundLocationViewController.m */ = {isa = PBXFileReference; lastKnownFileType = sourcecode.c.objc; path = BackgroundLocationViewController.m; sourceTree = "<group>"; };
		42495BA02021AAC700102967 /* ContinuousLocationViewController.h */ = {isa = PBXFileReference; lastKnownFileType = sourcecode.c.h; path = ContinuousLocationViewController.h; sourceTree = "<group>"; };
		42495BA12021AAC700102967 /* ContinuousLocationViewController.m */ = {isa = PBXFileReference; lastKnownFileType = sourcecode.c.objc; path = ContinuousLocationViewController.m; sourceTree = "<group>"; };
		9715E3B481B28B5CA59FD46A /* Pods-AMap.debug.xcconfig */ = {isa = PBXFileReference; includeInIndex = 1; lastKnownFileType = text.xcconfig; name = "Pods-AMap.debug.xcconfig"; path = "Pods/Target Support Files/Pods-AMap/Pods-AMap.debug.xcconfig"; sourceTree = "<group>"; };
		A0BAC4C04D24A566A77EBFD7 /* Pods-AMap.release.xcconfig */ = {isa = PBXFileReference; includeInIndex = 1; lastKnownFileType = text.xcconfig; name = "Pods-AMap.release.xcconfig"; path = "Pods/Target Support Files/Pods-AMap/Pods-AMap.release.xcconfig"; sourceTree = "<group>"; };
/* End PBXFileReference section */

/* Begin PBXFrameworksBuildPhase section */
		42495B542021AA0600102967 /* Frameworks */ = {
			isa = PBXFrameworksBuildPhase;
			buildActionMask = 2147483647;
			files = (
				ECA0869FD5857C07E2516CC5 /* libPods-AMap.a in Frameworks */,
			);
			runOnlyForDeploymentPostprocessing = 0;
		};
		42495B6C2021AA0600102967 /* Frameworks */ = {
			isa = PBXFrameworksBuildPhase;
			buildActionMask = 2147483647;
			files = (
			);
			runOnlyForDeploymentPostprocessing = 0;
		};
		42495B772021AA0600102967 /* Frameworks */ = {
			isa = PBXFrameworksBuildPhase;
			buildActionMask = 2147483647;
			files = (
			);
			runOnlyForDeploymentPostprocessing = 0;
		};
/* End PBXFrameworksBuildPhase section */

/* Begin PBXGroup section */
		0430C402E5F4B7227595F2A2 /* Frameworks */ = {
			isa = PBXGroup;
			children = (
				354BF8508F20FB77B7ED8CA2 /* libPods-AMap.a */,
			);
			name = Frameworks;
			sourceTree = "<group>";
		};
		0EFC6B00FDDB280B154E5A7A /* Pods */ = {
			isa = PBXGroup;
			children = (
				9715E3B481B28B5CA59FD46A /* Pods-AMap.debug.xcconfig */,
				A0BAC4C04D24A566A77EBFD7 /* Pods-AMap.release.xcconfig */,
			);
			name = Pods;
			sourceTree = "<group>";
		};
		42495B4E2021AA0600102967 = {
			isa = PBXGroup;
			children = (
				42495B592021AA0600102967 /* AMap */,
				42495B722021AA0600102967 /* AMapTests */,
				42495B7D2021AA0600102967 /* AMapUITests */,
				42495B582021AA0600102967 /* Products */,
				0EFC6B00FDDB280B154E5A7A /* Pods */,
				0430C402E5F4B7227595F2A2 /* Frameworks */,
			);
			sourceTree = "<group>";
		};
		42495B582021AA0600102967 /* Products */ = {
			isa = PBXGroup;
			children = (
				42495B572021AA0600102967 /* AMap.app */,
				42495B6F2021AA0600102967 /* AMapTests.xctest */,
				42495B7A2021AA0600102967 /* AMapUITests.xctest */,
			);
			name = Products;
			sourceTree = "<group>";
		};
		42495B592021AA0600102967 /* AMap */ = {
			isa = PBXGroup;
			children = (
				42495B8C2021AA2F00102967 /* Other */,
				42495B8E2021AA5400102967 /* 定位 */,
				42495B8F2021AA5F00102967 /* 地图 */,
				42495B902021AA6300102967 /* 导航 */,
				42495B5A2021AA0600102967 /* AppDelegate.h */,
				42495B5B2021AA0600102967 /* AppDelegate.m */,
				42495B632021AA0600102967 /* Assets.xcassets */,
				42495B652021AA0600102967 /* LaunchScreen.storyboard */,
				42495B682021AA0600102967 /* Info.plist */,
				42495B692021AA0600102967 /* main.m */,
			);
			path = AMap;
			sourceTree = "<group>";
		};
		42495B722021AA0600102967 /* AMapTests */ = {
			isa = PBXGroup;
			children = (
				42495B732021AA0600102967 /* AMapTests.m */,
				42495B752021AA0600102967 /* Info.plist */,
			);
			path = AMapTests;
			sourceTree = "<group>";
		};
		42495B7D2021AA0600102967 /* AMapUITests */ = {
			isa = PBXGroup;
			children = (
				42495B7E2021AA0600102967 /* AMapUITests.m */,
				42495B802021AA0600102967 /* Info.plist */,
			);
			path = AMapUITests;
			sourceTree = "<group>";
		};
		42495B8C2021AA2F00102967 /* Other */ = {
			isa = PBXGroup;
			children = (
				42495B8D2021AA4100102967 /* PrefixHeader.pch */,
			);
			path = Other;
			sourceTree = "<group>";
		};
		42495B8E2021AA5400102967 /* 定位 */ = {
			isa = PBXGroup;
			children = (
				42495B972021AA9B00102967 /* LocationViewController.h */,
				42495B982021AA9B00102967 /* LocationViewController.m */,
				42495B9A2021AAAE00102967 /* ASingleLocationViewController.h */,
				42495B9B2021AAAE00102967 /* ASingleLocationViewController.m */,
				42495B9D2021AABC00102967 /* BackgroundLocationViewController.h */,
				42495B9E2021AABC00102967 /* BackgroundLocationViewController.m */,
				42495BA02021AAC700102967 /* ContinuousLocationViewController.h */,
				42495BA12021AAC700102967 /* ContinuousLocationViewController.m */,
			);
			path = "定位";
			sourceTree = "<group>";
		};
		42495B8F2021AA5F00102967 /* 地图 */ = {
			isa = PBXGroup;
			children = (
				42495B912021AA7C00102967 /* MapViewController.h */,
				42495B922021AA7C00102967 /* MapViewController.m */,
			);
			path = "地图";
			sourceTree = "<group>";
		};
		42495B902021AA6300102967 /* 导航 */ = {
			isa = PBXGroup;
			children = (
				42495B942021AA8E00102967 /* NaviViewController.h */,
				42495B952021AA8E00102967 /* NaviViewController.m */,
			);
			path = "导航";
			sourceTree = "<group>";
		};
/* End PBXGroup section */

/* Begin PBXNativeTarget section */
		42495B562021AA0600102967 /* AMap */ = {
			isa = PBXNativeTarget;
			buildConfigurationList = 42495B832021AA0600102967 /* Build configuration list for PBXNativeTarget "AMap" */;
			buildPhases = (
				2752E8686B3C83605DEC1DAE /* [CP] Check Pods Manifest.lock */,
				42495B532021AA0600102967 /* Sources */,
				42495B542021AA0600102967 /* Frameworks */,
				42495B552021AA0600102967 /* Resources */,
				1732603B4F4AAD039A985DEA /* [CP] Embed Pods Frameworks */,
				FA572CD0EEC04267E32711DE /* [CP] Copy Pods Resources */,
			);
			buildRules = (
			);
			dependencies = (
			);
			name = AMap;
			productName = AMap;
			productReference = 42495B572021AA0600102967 /* AMap.app */;
			productType = "com.apple.product-type.application";
		};
		42495B6E2021AA0600102967 /* AMapTests */ = {
			isa = PBXNativeTarget;
			buildConfigurationList = 42495B862021AA0600102967 /* Build configuration list for PBXNativeTarget "AMapTests" */;
			buildPhases = (
				42495B6B2021AA0600102967 /* Sources */,
				42495B6C2021AA0600102967 /* Frameworks */,
				42495B6D2021AA0600102967 /* Resources */,
			);
			buildRules = (
			);
			dependencies = (
				42495B712021AA0600102967 /* PBXTargetDependency */,
			);
			name = AMapTests;
			productName = AMapTests;
			productReference = 42495B6F2021AA0600102967 /* AMapTests.xctest */;
			productType = "com.apple.product-type.bundle.unit-test";
		};
		42495B792021AA0600102967 /* AMapUITests */ = {
			isa = PBXNativeTarget;
			buildConfigurationList = 42495B892021AA0600102967 /* Build configuration list for PBXNativeTarget "AMapUITests" */;
			buildPhases = (
				42495B762021AA0600102967 /* Sources */,
				42495B772021AA0600102967 /* Frameworks */,
				42495B782021AA0600102967 /* Resources */,
			);
			buildRules = (
			);
			dependencies = (
				42495B7C2021AA0600102967 /* PBXTargetDependency */,
			);
			name = AMapUITests;
			productName = AMapUITests;
			productReference = 42495B7A2021AA0600102967 /* AMapUITests.xctest */;
			productType = "com.apple.product-type.bundle.ui-testing";
		};
/* End PBXNativeTarget section */

/* Begin PBXProject section */
		42495B4F2021AA0600102967 /* Project object */ = {
			isa = PBXProject;
			attributes = {
				LastUpgradeCheck = 0920;
				ORGANIZATIONNAME = mangxing;
				TargetAttributes = {
					42495B562021AA0600102967 = {
						CreatedOnToolsVersion = 9.2;
						ProvisioningStyle = Automatic;
					};
					42495B6E2021AA0600102967 = {
						CreatedOnToolsVersion = 9.2;
						ProvisioningStyle = Automatic;
						TestTargetID = 42495B562021AA0600102967;
					};
					42495B792021AA0600102967 = {
						CreatedOnToolsVersion = 9.2;
						ProvisioningStyle = Automatic;
						TestTargetID = 42495B562021AA0600102967;
					};
				};
			};
			buildConfigurationList = 42495B522021AA0600102967 /* Build configuration list for PBXProject "AMap" */;
			compatibilityVersion = "Xcode 8.0";
			developmentRegion = en;
			hasScannedForEncodings = 0;
			knownRegions = (
				en,
				Base,
			);
			mainGroup = 42495B4E2021AA0600102967;
			productRefGroup = 42495B582021AA0600102967 /* Products */;
			projectDirPath = "";
			projectRoot = "";
			targets = (
				42495B562021AA0600102967 /* AMap */,
				42495B6E2021AA0600102967 /* AMapTests */,
				42495B792021AA0600102967 /* AMapUITests */,
			);
		};
/* End PBXProject section */

/* Begin PBXResourcesBuildPhase section */
		42495B552021AA0600102967 /* Resources */ = {
			isa = PBXResourcesBuildPhase;
			buildActionMask = 2147483647;
			files = (
				42495B672021AA0600102967 /* LaunchScreen.storyboard in Resources */,
				42495B642021AA0600102967 /* Assets.xcassets in Resources */,
			);
			runOnlyForDeploymentPostprocessing = 0;
		};
		42495B6D2021AA0600102967 /* Resources */ = {
			isa = PBXResourcesBuildPhase;
			buildActionMask = 2147483647;
			files = (
			);
			runOnlyForDeploymentPostprocessing = 0;
		};
		42495B782021AA0600102967 /* Resources */ = {
			isa = PBXResourcesBuildPhase;
			buildActionMask = 2147483647;
			files = (
			);
			runOnlyForDeploymentPostprocessing = 0;
		};
/* End PBXResourcesBuildPhase section */

/* Begin PBXShellScriptBuildPhase section */
		1732603B4F4AAD039A985DEA /* [CP] Embed Pods Frameworks */ = {
			isa = PBXShellScriptBuildPhase;
			buildActionMask = 2147483647;
			files = (
			);
			inputPaths = (
			);
			name = "[CP] Embed Pods Frameworks";
			outputPaths = (
			);
			runOnlyForDeploymentPostprocessing = 0;
			shellPath = /bin/sh;
			shellScript = "\"${SRCROOT}/Pods/Target Support Files/Pods-AMap/Pods-AMap-frameworks.sh\"\n";
			showEnvVarsInLog = 0;
		};
		2752E8686B3C83605DEC1DAE /* [CP] Check Pods Manifest.lock */ = {
			isa = PBXShellScriptBuildPhase;
			buildActionMask = 2147483647;
			files = (
			);
			inputPaths = (
				"${PODS_PODFILE_DIR_PATH}/Podfile.lock",
				"${PODS_ROOT}/Manifest.lock",
			);
			name = "[CP] Check Pods Manifest.lock";
			outputPaths = (
				"$(DERIVED_FILE_DIR)/Pods-AMap-checkManifestLockResult.txt",
			);
			runOnlyForDeploymentPostprocessing = 0;
			shellPath = /bin/sh;
			shellScript = "diff \"${PODS_PODFILE_DIR_PATH}/Podfile.lock\" \"${PODS_ROOT}/Manifest.lock\" > /dev/null\nif [ $? != 0 ] ; then\n    # print error to STDERR\n    echo \"error: The sandbox is not in sync with the Podfile.lock. Run 'pod install' or update your CocoaPods installation.\" >&2\n    exit 1\nfi\n# This output is used by Xcode 'outputs' to avoid re-running this script phase.\necho \"SUCCESS\" > \"${SCRIPT_OUTPUT_FILE_0}\"\n";
			showEnvVarsInLog = 0;
		};
		FA572CD0EEC04267E32711DE /* [CP] Copy Pods Resources */ = {
			isa = PBXShellScriptBuildPhase;
			buildActionMask = 2147483647;
			files = (
			);
			inputPaths = (
				"${SRCROOT}/Pods/Target Support Files/Pods-AMap/Pods-AMap-resources.sh",
				"${PODS_ROOT}/AMap3DMap/MAMapKit.framework/AMap.bundle",
				"${PODS_ROOT}/AMapNavi/AMapNaviKit.framework/AMapNavi.bundle",
			);
			name = "[CP] Copy Pods Resources";
			outputPaths = (
				"${TARGET_BUILD_DIR}/${UNLOCALIZED_RESOURCES_FOLDER_PATH}",
			);
			runOnlyForDeploymentPostprocessing = 0;
			shellPath = /bin/sh;
			shellScript = "\"${SRCROOT}/Pods/Target Support Files/Pods-AMap/Pods-AMap-resources.sh\"\n";
			showEnvVarsInLog = 0;
		};
/* End PBXShellScriptBuildPhase section */

/* Begin PBXSourcesBuildPhase section */
		42495B532021AA0600102967 /* Sources */ = {
			isa = PBXSourcesBuildPhase;
			buildActionMask = 2147483647;
			files = (
				42495B962021AA8E00102967 /* NaviViewController.m in Sources */,
				42495B9C2021AAAE00102967 /* ASingleLocationViewController.m in Sources */,
				42495B9F2021AABC00102967 /* BackgroundLocationViewController.m in Sources */,
				42495B932021AA7C00102967 /* MapViewController.m in Sources */,
				42495BA22021AAC700102967 /* ContinuousLocationViewController.m in Sources */,
				42495B6A2021AA0600102967 /* main.m in Sources */,
				42495B5C2021AA0600102967 /* AppDelegate.m in Sources */,
				42495B992021AA9B00102967 /* LocationViewController.m in Sources */,
			);
			runOnlyForDeploymentPostprocessing = 0;
		};
		42495B6B2021AA0600102967 /* Sources */ = {
			isa = PBXSourcesBuildPhase;
			buildActionMask = 2147483647;
			files = (
				42495B742021AA0600102967 /* AMapTests.m in Sources */,
			);
			runOnlyForDeploymentPostprocessing = 0;
		};
		42495B762021AA0600102967 /* Sources */ = {
			isa = PBXSourcesBuildPhase;
			buildActionMask = 2147483647;
			files = (
				42495B7F2021AA0600102967 /* AMapUITests.m in Sources */,
			);
			runOnlyForDeploymentPostprocessing = 0;
		};
/* End PBXSourcesBuildPhase section */

/* Begin PBXTargetDependency section */
		42495B712021AA0600102967 /* PBXTargetDependency */ = {
			isa = PBXTargetDependency;
			target = 42495B562021AA0600102967 /* AMap */;
			targetProxy = 42495B702021AA0600102967 /* PBXContainerItemProxy */;
		};
		42495B7C2021AA0600102967 /* PBXTargetDependency */ = {
			isa = PBXTargetDependency;
			target = 42495B562021AA0600102967 /* AMap */;
			targetProxy = 42495B7B2021AA0600102967 /* PBXContainerItemProxy */;
		};
/* End PBXTargetDependency section */

/* Begin PBXVariantGroup section */
		42495B652021AA0600102967 /* LaunchScreen.storyboard */ = {
			isa = PBXVariantGroup;
			children = (
				42495B662021AA0600102967 /* Base */,
			);
			name = LaunchScreen.storyboard;
			sourceTree = "<group>";
		};
/* End PBXVariantGroup section */

/* Begin XCBuildConfiguration section */
		42495B812021AA0600102967 /* Debug */ = {
			isa = XCBuildConfiguration;
			buildSettings = {
				ALWAYS_SEARCH_USER_PATHS = NO;
				CLANG_ANALYZER_NONNULL = YES;
				CLANG_ANALYZER_NUMBER_OBJECT_CONVERSION = YES_AGGRESSIVE;
				CLANG_CXX_LANGUAGE_STANDARD = "gnu++14";
				CLANG_CXX_LIBRARY = "libc++";
				CLANG_ENABLE_MODULES = YES;
				CLANG_ENABLE_OBJC_ARC = YES;
				CLANG_WARN_BLOCK_CAPTURE_AUTORELEASING = YES;
				CLANG_WARN_BOOL_CONVERSION = YES;
				CLANG_WARN_COMMA = YES;
				CLANG_WARN_CONSTANT_CONVERSION = YES;
				CLANG_WARN_DIRECT_OBJC_ISA_USAGE = YES_ERROR;
				CLANG_WARN_DOCUMENTATION_COMMENTS = YES;
				CLANG_WARN_EMPTY_BODY = YES;
				CLANG_WARN_ENUM_CONVERSION = YES;
				CLANG_WARN_INFINITE_RECURSION = YES;
				CLANG_WARN_INT_CONVERSION = YES;
				CLANG_WARN_NON_LITERAL_NULL_CONVERSION = YES;
				CLANG_WARN_OBJC_LITERAL_CONVERSION = YES;
				CLANG_WARN_OBJC_ROOT_CLASS = YES_ERROR;
				CLANG_WARN_RANGE_LOOP_ANALYSIS = YES;
				CLANG_WARN_STRICT_PROTOTYPES = YES;
				CLANG_WARN_SUSPICIOUS_MOVE = YES;
				CLANG_WARN_UNGUARDED_AVAILABILITY = YES_AGGRESSIVE;
				CLANG_WARN_UNREACHABLE_CODE = YES;
				CLANG_WARN__DUPLICATE_METHOD_MATCH = YES;
				CODE_SIGN_IDENTITY = "iPhone Developer";
				COPY_PHASE_STRIP = NO;
				DEBUG_INFORMATION_FORMAT = dwarf;
				ENABLE_STRICT_OBJC_MSGSEND = YES;
				ENABLE_TESTABILITY = YES;
				GCC_C_LANGUAGE_STANDARD = gnu11;
				GCC_DYNAMIC_NO_PIC = NO;
				GCC_NO_COMMON_BLOCKS = YES;
				GCC_OPTIMIZATION_LEVEL = 0;
				GCC_PREPROCESSOR_DEFINITIONS = (
					"DEBUG=1",
					"$(inherited)",
				);
				GCC_WARN_64_TO_32_BIT_CONVERSION = YES;
				GCC_WARN_ABOUT_RETURN_TYPE = YES_ERROR;
				GCC_WARN_UNDECLARED_SELECTOR = YES;
				GCC_WARN_UNINITIALIZED_AUTOS = YES_AGGRESSIVE;
				GCC_WARN_UNUSED_FUNCTION = YES;
				GCC_WARN_UNUSED_VARIABLE = YES;
				IPHONEOS_DEPLOYMENT_TARGET = 11.2;
				MTL_ENABLE_DEBUG_INFO = YES;
				ONLY_ACTIVE_ARCH = YES;
				SDKROOT = iphoneos;
			};
			name = Debug;
		};
		42495B822021AA0600102967 /* Release */ = {
			isa = XCBuildConfiguration;
			buildSettings = {
				ALWAYS_SEARCH_USER_PATHS = NO;
				CLANG_ANALYZER_NONNULL = YES;
				CLANG_ANALYZER_NUMBER_OBJECT_CONVERSION = YES_AGGRESSIVE;
				CLANG_CXX_LANGUAGE_STANDARD = "gnu++14";
				CLANG_CXX_LIBRARY = "libc++";
				CLANG_ENABLE_MODULES = YES;
				CLANG_ENABLE_OBJC_ARC = YES;
				CLANG_WARN_BLOCK_CAPTURE_AUTORELEASING = YES;
				CLANG_WARN_BOOL_CONVERSION = YES;
				CLANG_WARN_COMMA = YES;
				CLANG_WARN_CONSTANT_CONVERSION = YES;
				CLANG_WARN_DIRECT_OBJC_ISA_USAGE = YES_ERROR;
				CLANG_WARN_DOCUMENTATION_COMMENTS = YES;
				CLANG_WARN_EMPTY_BODY = YES;
				CLANG_WARN_ENUM_CONVERSION = YES;
				CLANG_WARN_INFINITE_RECURSION = YES;
				CLANG_WARN_INT_CONVERSION = YES;
				CLANG_WARN_NON_LITERAL_NULL_CONVERSION = YES;
				CLANG_WARN_OBJC_LITERAL_CONVERSION = YES;
				CLANG_WARN_OBJC_ROOT_CLASS = YES_ERROR;
				CLANG_WARN_RANGE_LOOP_ANALYSIS = YES;
				CLANG_WARN_STRICT_PROTOTYPES = YES;
				CLANG_WARN_SUSPICIOUS_MOVE = YES;
				CLANG_WARN_UNGUARDED_AVAILABILITY = YES_AGGRESSIVE;
				CLANG_WARN_UNREACHABLE_CODE = YES;
				CLANG_WARN__DUPLICATE_METHOD_MATCH = YES;
				CODE_SIGN_IDENTITY = "iPhone Developer";
				COPY_PHASE_STRIP = NO;
				DEBUG_INFORMATION_FORMAT = "dwarf-with-dsym";
				ENABLE_NS_ASSERTIONS = NO;
				ENABLE_STRICT_OBJC_MSGSEND = YES;
				GCC_C_LANGUAGE_STANDARD = gnu11;
				GCC_NO_COMMON_BLOCKS = YES;
				GCC_WARN_64_TO_32_BIT_CONVERSION = YES;
				GCC_WARN_ABOUT_RETURN_TYPE = YES_ERROR;
				GCC_WARN_UNDECLARED_SELECTOR = YES;
				GCC_WARN_UNINITIALIZED_AUTOS = YES_AGGRESSIVE;
				GCC_WARN_UNUSED_FUNCTION = YES;
				GCC_WARN_UNUSED_VARIABLE = YES;
				IPHONEOS_DEPLOYMENT_TARGET = 11.2;
				MTL_ENABLE_DEBUG_INFO = NO;
				SDKROOT = iphoneos;
				VALIDATE_PRODUCT = YES;
			};
			name = Release;
		};
		42495B842021AA0600102967 /* Debug */ = {
			isa = XCBuildConfiguration;
			baseConfigurationReference = 9715E3B481B28B5CA59FD46A /* Pods-AMap.debug.xcconfig */;
			buildSettings = {
				ASSETCATALOG_COMPILER_APPICON_NAME = AppIcon;
				CODE_SIGN_STYLE = Automatic;
				DEVELOPMENT_TEAM = GPJJ32A346;
				GCC_PRECOMPILE_PREFIX_HEADER = YES;
				GCC_PREFIX_HEADER = "$(SRCROOT)/AMap/Other/PrefixHeader.pch";
				INFOPLIST_FILE = AMap/Info.plist;
				IPHONEOS_DEPLOYMENT_TARGET = 8.0;
				LD_RUNPATH_SEARCH_PATHS = "$(inherited) @executable_path/Frameworks";
				PRODUCT_BUNDLE_IDENTIFIER = com.mangxingjietiao.www.AMap;
				PRODUCT_NAME = "$(TARGET_NAME)";
				TARGETED_DEVICE_FAMILY = "1,2";
			};
			name = Debug;
		};
		42495B852021AA0600102967 /* Release */ = {
			isa = XCBuildConfiguration;
			baseConfigurationReference = A0BAC4C04D24A566A77EBFD7 /* Pods-AMap.release.xcconfig */;
			buildSettings = {
				ASSETCATALOG_COMPILER_APPICON_NAME = AppIcon;
				CODE_SIGN_STYLE = Automatic;
				DEVELOPMENT_TEAM = GPJJ32A346;
				GCC_PRECOMPILE_PREFIX_HEADER = YES;
				GCC_PREFIX_HEADER = "$(SRCROOT)/AMap/Other/PrefixHeader.pch";
				INFOPLIST_FILE = AMap/Info.plist;
				IPHONEOS_DEPLOYMENT_TARGET = 8.0;
				LD_RUNPATH_SEARCH_PATHS = "$(inherited) @executable_path/Frameworks";
				PRODUCT_BUNDLE_IDENTIFIER = com.mangxingjietiao.www.AMap;
				PRODUCT_NAME = "$(TARGET_NAME)";
				TARGETED_DEVICE_FAMILY = "1,2";
			};
			name = Release;
		};
		42495B872021AA0600102967 /* Debug */ = {
			isa = XCBuildConfiguration;
			buildSettings = {
				BUNDLE_LOADER = "$(TEST_HOST)";
				CODE_SIGN_STYLE = Automatic;
				DEVELOPMENT_TEAM = GPJJ32A346;
				INFOPLIST_FILE = AMapTests/Info.plist;
				LD_RUNPATH_SEARCH_PATHS = "$(inherited) @executable_path/Frameworks @loader_path/Frameworks";
				PRODUCT_BUNDLE_IDENTIFIER = com.mangxingjietiao.www.AMapTests;
				PRODUCT_NAME = "$(TARGET_NAME)";
				TARGETED_DEVICE_FAMILY = "1,2";
				TEST_HOST = "$(BUILT_PRODUCTS_DIR)/AMap.app/AMap";
			};
			name = Debug;
		};
		42495B882021AA0600102967 /* Release */ = {
			isa = XCBuildConfiguration;
			buildSettings = {
				BUNDLE_LOADER = "$(TEST_HOST)";
				CODE_SIGN_STYLE = Automatic;
				DEVELOPMENT_TEAM = GPJJ32A346;
				INFOPLIST_FILE = AMapTests/Info.plist;
				LD_RUNPATH_SEARCH_PATHS = "$(inherited) @executable_path/Frameworks @loader_path/Frameworks";
				PRODUCT_BUNDLE_IDENTIFIER = com.mangxingjietiao.www.AMapTests;
				PRODUCT_NAME = "$(TARGET_NAME)";
				TARGETED_DEVICE_FAMILY = "1,2";
				TEST_HOST = "$(BUILT_PRODUCTS_DIR)/AMap.app/AMap";
			};
			name = Release;
		};
		42495B8A2021AA0600102967 /* Debug */ = {
			isa = XCBuildConfiguration;
			buildSettings = {
				CODE_SIGN_STYLE = Automatic;
				DEVELOPMENT_TEAM = GPJJ32A346;
				INFOPLIST_FILE = AMapUITests/Info.plist;
				LD_RUNPATH_SEARCH_PATHS = "$(inherited) @executable_path/Frameworks @loader_path/Frameworks";
				PRODUCT_BUNDLE_IDENTIFIER = com.mangxingjietiao.www.AMapUITests;
				PRODUCT_NAME = "$(TARGET_NAME)";
				TARGETED_DEVICE_FAMILY = "1,2";
				TEST_TARGET_NAME = AMap;
			};
			name = Debug;
		};
		42495B8B2021AA0600102967 /* Release */ = {
			isa = XCBuildConfiguration;
			buildSettings = {
				CODE_SIGN_STYLE = Automatic;
				DEVELOPMENT_TEAM = GPJJ32A346;
				INFOPLIST_FILE = AMapUITests/Info.plist;
				LD_RUNPATH_SEARCH_PATHS = "$(inherited) @executable_path/Frameworks @loader_path/Frameworks";
				PRODUCT_BUNDLE_IDENTIFIER = com.mangxingjietiao.www.AMapUITests;
				PRODUCT_NAME = "$(TARGET_NAME)";
				TARGETED_DEVICE_FAMILY = "1,2";
				TEST_TARGET_NAME = AMap;
			};
			name = Release;
		};
/* End XCBuildConfiguration section */

/* Begin XCConfigurationList section */
		42495B522021AA0600102967 /* Build configuration list for PBXProject "AMap" */ = {
			isa = XCConfigurationList;
			buildConfigurations = (
				42495B812021AA0600102967 /* Debug */,
				42495B822021AA0600102967 /* Release */,
			);
			defaultConfigurationIsVisible = 0;
			defaultConfigurationName = Release;
		};
		42495B832021AA0600102967 /* Build configuration list for PBXNativeTarget "AMap" */ = {
			isa = XCConfigurationList;
			buildConfigurations = (
				42495B842021AA0600102967 /* Debug */,
				42495B852021AA0600102967 /* Release */,
			);
			defaultConfigurationIsVisible = 0;
			defaultConfigurationName = Release;
		};
		42495B862021AA0600102967 /* Build configuration list for PBXNativeTarget "AMapTests" */ = {
			isa = XCConfigurationList;
			buildConfigurations = (
				42495B872021AA0600102967 /* Debug */,
				42495B882021AA0600102967 /* Release */,
			);
			defaultConfigurationIsVisible = 0;
			defaultConfigurationName = Release;
		};
		42495B892021AA0600102967 /* Build configuration list for PBXNativeTarget "AMapUITests" */ = {
			isa = XCConfigurationList;
			buildConfigurations = (
				42495B8A2021AA0600102967 /* Debug */,
				42495B8B2021AA0600102967 /* Release */,
			);
			defaultConfigurationIsVisible = 0;
			defaultConfigurationName = Release;
		};
/* End XCConfigurationList section */
	};
	rootObject = 42495B4F2021AA0600102967 /* Project object */;
}
